
Microsoft Visual Studio Solution File, Format Version 12.00
# Visual Studio Version 16
VisualStudioVersion = 16.0.29326.143
MinimumVisualStudioVersion = 10.0.40219.1
Project("{F184B08F-C81C-45F6-A57F-5ABD9991F28F}") = "AdminService", "AdminService.vbproj", "{B88308B0-9726-4B4E-933E-290980CC3D76}"
EndProject
Project("{F184B08F-C81C-45F6-A57F-5ABD9991F28F}") = "CHCServerSupport", "..\..\..\TakeMyTokens\Private Market\Server\PrivateCoinExchangeEngine\CHCServerSupport\CHCServerSupport.vbproj", "{F87B02ED-DE8E-4E2D-894F-8B67D80ABE6B}"
EndProject
Global
	GlobalSection(SolutionConfigurationPlatforms) = preSolution
		Debug|Any CPU = Debug|Any CPU
		Release|Any CPU = Release|Any CPU
	EndGlobalSection
	GlobalSection(ProjectConfigurationPlatforms) = postSolution
		{B88308B0-9726-4B4E-933E-290980CC3D76}.Debug|Any CPU.ActiveCfg = Debug|Any CPU
		{B88308B0-9726-4B4E-933E-290980CC3D76}.Debug|Any CPU.Build.0 = Debug|Any CPU
		{B88308B0-9726-4B4E-933E-290980CC3D76}.Release|Any CPU.ActiveCfg = Release|Any CPU
		{B88308B0-9726-4B4E-933E-290980CC3D76}.Release|Any CPU.Build.0 = Release|Any CPU
		{F87B02ED-DE8E-4E2D-894F-8B67D80ABE6B}.Debug|Any CPU.ActiveCfg = Debug|Any CPU
		{F87B02ED-DE8E-4E2D-894F-8B67D80ABE6B}.Debug|Any CPU.Build.0 = Debug|Any CPU
		{F87B02ED-DE8E-4E2D-894F-8B67D80ABE6B}.Release|Any CPU.ActiveCfg = Release|Any CPU
		{F87B02ED-DE8E-4E2D-894F-8B67D80ABE6B}.Release|Any CPU.Build.0 = Release|Any CPU
	EndGlobalSection
	GlobalSection(SolutionProperties) = preSolution
		HideSolutionNode = FALSE
	EndGlobalSection
	GlobalSection(ExtensibilityGlobals) = postSolution
		SolutionGuid = {E63EC9EC-EB06-4648-9DE8-E8B25F597CEE}
	EndGlobalSection
EndGlobal
