
Microsoft Visual Studio Solution File, Format Version 12.00
# Visual Studio Version 16
VisualStudioVersion = 16.0.29326.143
MinimumVisualStudioVersion = 10.0.40219.1
Project("{F184B08F-C81C-45F6-A57F-5ABD9991F28F}") = "ManagePackage", "ManagePackage.vbproj", "{B7C91956-A5A6-4C90-A1D1-DF14AC9FEE16}"
EndProject
Global
	GlobalSection(SolutionConfigurationPlatforms) = preSolution
		Debug|Any CPU = Debug|Any CPU
		Release|Any CPU = Release|Any CPU
	EndGlobalSection
	GlobalSection(ProjectConfigurationPlatforms) = postSolution
		{B7C91956-A5A6-4C90-A1D1-DF14AC9FEE16}.Debug|Any CPU.ActiveCfg = Debug|Any CPU
		{B7C91956-A5A6-4C90-A1D1-DF14AC9FEE16}.Debug|Any CPU.Build.0 = Debug|Any CPU
		{B7C91956-A5A6-4C90-A1D1-DF14AC9FEE16}.Release|Any CPU.ActiveCfg = Release|Any CPU
		{B7C91956-A5A6-4C90-A1D1-DF14AC9FEE16}.Release|Any CPU.Build.0 = Release|Any CPU
	EndGlobalSection
	GlobalSection(SolutionProperties) = preSolution
		HideSolutionNode = FALSE
	EndGlobalSection
	GlobalSection(ExtensibilityGlobals) = postSolution
		SolutionGuid = {DBCFD229-8E65-4E19-AFB2-4E460DFFCA9D}
	EndGlobalSection
EndGlobal
