
Microsoft Visual Studio Solution File, Format Version 12.00
# Visual Studio Version 16
VisualStudioVersion = 16.0.29326.143
MinimumVisualStudioVersion = 10.0.40219.1
Project("{F184B08F-C81C-45F6-A57F-5ABD9991F28F}") = "CHC Support UI Controls", "CHC Support UI Controls.vbproj", "{2B477A78-3139-4570-BB5E-3FC09475C316}"
EndProject
Global
	GlobalSection(SolutionConfigurationPlatforms) = preSolution
		Debug|Any CPU = Debug|Any CPU
		Debug|x64 = Debug|x64
		Debug|x86 = Debug|x86
		Release|Any CPU = Release|Any CPU
		Release|x64 = Release|x64
		Release|x86 = Release|x86
	EndGlobalSection
	GlobalSection(ProjectConfigurationPlatforms) = postSolution
		{2B477A78-3139-4570-BB5E-3FC09475C316}.Debug|Any CPU.ActiveCfg = Debug|Any CPU
		{2B477A78-3139-4570-BB5E-3FC09475C316}.Debug|Any CPU.Build.0 = Debug|Any CPU
		{2B477A78-3139-4570-BB5E-3FC09475C316}.Debug|x64.ActiveCfg = Debug|x64
		{2B477A78-3139-4570-BB5E-3FC09475C316}.Debug|x64.Build.0 = Debug|x64
		{2B477A78-3139-4570-BB5E-3FC09475C316}.Debug|x86.ActiveCfg = Debug|x86
		{2B477A78-3139-4570-BB5E-3FC09475C316}.Debug|x86.Build.0 = Debug|x86
		{2B477A78-3139-4570-BB5E-3FC09475C316}.Release|Any CPU.ActiveCfg = Release|Any CPU
		{2B477A78-3139-4570-BB5E-3FC09475C316}.Release|Any CPU.Build.0 = Release|Any CPU
		{2B477A78-3139-4570-BB5E-3FC09475C316}.Release|x64.ActiveCfg = Release|x64
		{2B477A78-3139-4570-BB5E-3FC09475C316}.Release|x64.Build.0 = Release|x64
		{2B477A78-3139-4570-BB5E-3FC09475C316}.Release|x86.ActiveCfg = Release|x86
		{2B477A78-3139-4570-BB5E-3FC09475C316}.Release|x86.Build.0 = Release|x86
	EndGlobalSection
	GlobalSection(SolutionProperties) = preSolution
		HideSolutionNode = FALSE
	EndGlobalSection
	GlobalSection(ExtensibilityGlobals) = postSolution
		SolutionGuid = {0BD10B6B-EEB3-46AD-A1E7-B88EBD3E6B55}
	EndGlobalSection
EndGlobal
