
Microsoft Visual Studio Solution File, Format Version 12.00
# Visual Studio Version 16
VisualStudioVersion = 16.0.29326.143
MinimumVisualStudioVersion = 10.0.40219.1
Project("{9A19103F-16F7-4668-BE54-9A1E7A4F7556}") = "Coinbase.Pro", "Coinbase.Pro.csproj", "{97BFAD52-74B3-4B46-99C1-4D7831C64F5E}"
EndProject
Global
	GlobalSection(SolutionConfigurationPlatforms) = preSolution
		Debug|Any CPU = Debug|Any CPU
		Release|Any CPU = Release|Any CPU
	EndGlobalSection
	GlobalSection(ProjectConfigurationPlatforms) = postSolution
		{97BFAD52-74B3-4B46-99C1-4D7831C64F5E}.Debug|Any CPU.ActiveCfg = Debug|Any CPU
		{97BFAD52-74B3-4B46-99C1-4D7831C64F5E}.Debug|Any CPU.Build.0 = Debug|Any CPU
		{97BFAD52-74B3-4B46-99C1-4D7831C64F5E}.Release|Any CPU.ActiveCfg = Release|Any CPU
		{97BFAD52-74B3-4B46-99C1-4D7831C64F5E}.Release|Any CPU.Build.0 = Release|Any CPU
	EndGlobalSection
	GlobalSection(SolutionProperties) = preSolution
		HideSolutionNode = FALSE
	EndGlobalSection
	GlobalSection(ExtensibilityGlobals) = postSolution
		SolutionGuid = {BA093648-82FC-4688-91B7-01219B07D09A}
	EndGlobalSection
EndGlobal
