
Microsoft Visual Studio Solution File, Format Version 12.00
# Visual Studio Version 16
VisualStudioVersion = 16.0.29326.143
MinimumVisualStudioVersion = 10.0.40219.1
Project("{9A19103F-16F7-4668-BE54-9A1E7A4F7556}") = "Advanced.Trade", "Advanced.Trade.csproj", "{8AA9FE26-C86C-4096-98F0-B697506E1F50}"
EndProject
Global
	GlobalSection(SolutionConfigurationPlatforms) = preSolution
		Debug|Any CPU = Debug|Any CPU
		Release|Any CPU = Release|Any CPU
	EndGlobalSection
	GlobalSection(ProjectConfigurationPlatforms) = postSolution
		{8AA9FE26-C86C-4096-98F0-B697506E1F50}.Debug|Any CPU.ActiveCfg = Debug|Any CPU
		{8AA9FE26-C86C-4096-98F0-B697506E1F50}.Debug|Any CPU.Build.0 = Debug|Any CPU
		{8AA9FE26-C86C-4096-98F0-B697506E1F50}.Release|Any CPU.ActiveCfg = Release|Any CPU
		{8AA9FE26-C86C-4096-98F0-B697506E1F50}.Release|Any CPU.Build.0 = Release|Any CPU
	EndGlobalSection
	GlobalSection(SolutionProperties) = preSolution
		HideSolutionNode = FALSE
	EndGlobalSection
	GlobalSection(ExtensibilityGlobals) = postSolution
		SolutionGuid = {96A5B9EE-7028-430A-8CA5-357B869F9AF0}
	EndGlobalSection
EndGlobal
