
Microsoft Visual Studio Solution File, Format Version 12.00
# Visual Studio Version 16
VisualStudioVersion = 16.0.29326.143
MinimumVisualStudioVersion = 10.0.40219.1
Project("{F184B08F-C81C-45F6-A57F-5ABD9991F28F}") = "CHC Repair Newtown", "CHC Repair Newtown.vbproj", "{875D6BEB-0F20-4951-B8FE-2F00E2B70C01}"
EndProject
Global
	GlobalSection(SolutionConfigurationPlatforms) = preSolution
		Debug|Any CPU = Debug|Any CPU
		Debug|x64 = Debug|x64
		Debug|x86 = Debug|x86
		Release|Any CPU = Release|Any CPU
		Release|x64 = Release|x64
		Release|x86 = Release|x86
	EndGlobalSection
	GlobalSection(ProjectConfigurationPlatforms) = postSolution
		{875D6BEB-0F20-4951-B8FE-2F00E2B70C01}.Debug|Any CPU.ActiveCfg = Debug|Any CPU
		{875D6BEB-0F20-4951-B8FE-2F00E2B70C01}.Debug|Any CPU.Build.0 = Debug|Any CPU
		{875D6BEB-0F20-4951-B8FE-2F00E2B70C01}.Debug|x64.ActiveCfg = Debug|Any CPU
		{875D6BEB-0F20-4951-B8FE-2F00E2B70C01}.Debug|x64.Build.0 = Debug|Any CPU
		{875D6BEB-0F20-4951-B8FE-2F00E2B70C01}.Debug|x86.ActiveCfg = Debug|Any CPU
		{875D6BEB-0F20-4951-B8FE-2F00E2B70C01}.Debug|x86.Build.0 = Debug|Any CPU
		{875D6BEB-0F20-4951-B8FE-2F00E2B70C01}.Release|Any CPU.ActiveCfg = Release|Any CPU
		{875D6BEB-0F20-4951-B8FE-2F00E2B70C01}.Release|Any CPU.Build.0 = Release|Any CPU
		{875D6BEB-0F20-4951-B8FE-2F00E2B70C01}.Release|x64.ActiveCfg = Release|Any CPU
		{875D6BEB-0F20-4951-B8FE-2F00E2B70C01}.Release|x64.Build.0 = Release|Any CPU
		{875D6BEB-0F20-4951-B8FE-2F00E2B70C01}.Release|x86.ActiveCfg = Release|Any CPU
		{875D6BEB-0F20-4951-B8FE-2F00E2B70C01}.Release|x86.Build.0 = Release|Any CPU
	EndGlobalSection
	GlobalSection(SolutionProperties) = preSolution
		HideSolutionNode = FALSE
	EndGlobalSection
	GlobalSection(ExtensibilityGlobals) = postSolution
		SolutionGuid = {73CCA313-3D9A-4272-A265-7A5604A1BAB0}
	EndGlobalSection
EndGlobal
