
Microsoft Visual Studio Solution File, Format Version 12.00
# Visual Studio Version 16
VisualStudioVersion = 16.0.29326.143
MinimumVisualStudioVersion = 10.0.40219.1
Project("{F184B08F-C81C-45F6-A57F-5ABD9991F28F}") = "CHC Test Signature", "CHC Test Signature.vbproj", "{2E9B66A7-3B72-4EA2-ABE2-E0AD617AE298}"
EndProject
Global
	GlobalSection(SolutionConfigurationPlatforms) = preSolution
		Debug|Any CPU = Debug|Any CPU
		Release|Any CPU = Release|Any CPU
	EndGlobalSection
	GlobalSection(ProjectConfigurationPlatforms) = postSolution
		{2E9B66A7-3B72-4EA2-ABE2-E0AD617AE298}.Debug|Any CPU.ActiveCfg = Debug|Any CPU
		{2E9B66A7-3B72-4EA2-ABE2-E0AD617AE298}.Debug|Any CPU.Build.0 = Debug|Any CPU
		{2E9B66A7-3B72-4EA2-ABE2-E0AD617AE298}.Release|Any CPU.ActiveCfg = Release|Any CPU
		{2E9B66A7-3B72-4EA2-ABE2-E0AD617AE298}.Release|Any CPU.Build.0 = Release|Any CPU
	EndGlobalSection
	GlobalSection(SolutionProperties) = preSolution
		HideSolutionNode = FALSE
	EndGlobalSection
	GlobalSection(ExtensibilityGlobals) = postSolution
		SolutionGuid = {EE4C84E7-97F7-4109-BA63-DCAC4C9EB203}
	EndGlobalSection
EndGlobal
