
Microsoft Visual Studio Solution File, Format Version 12.00
# Visual Studio Version 16
VisualStudioVersion = 16.0.29326.143
MinimumVisualStudioVersion = 10.0.40219.1
Project("{F184B08F-C81C-45F6-A57F-5ABD9991F28F}") = "Tbs Ac", "Tbs Ac.vbproj", "{C2E5F8C6-A596-42EB-AA6F-D34309E18382}"
EndProject
Global
	GlobalSection(SolutionConfigurationPlatforms) = preSolution
		Debug|Any CPU = Debug|Any CPU
		Debug|x64 = Debug|x64
		Debug|x86 = Debug|x86
		Release|Any CPU = Release|Any CPU
		Release|x64 = Release|x64
		Release|x86 = Release|x86
	EndGlobalSection
	GlobalSection(ProjectConfigurationPlatforms) = postSolution
		{C2E5F8C6-A596-42EB-AA6F-D34309E18382}.Debug|Any CPU.ActiveCfg = Debug|Any CPU
		{C2E5F8C6-A596-42EB-AA6F-D34309E18382}.Debug|Any CPU.Build.0 = Debug|Any CPU
		{C2E5F8C6-A596-42EB-AA6F-D34309E18382}.Debug|x64.ActiveCfg = Debug|Any CPU
		{C2E5F8C6-A596-42EB-AA6F-D34309E18382}.Debug|x64.Build.0 = Debug|Any CPU
		{C2E5F8C6-A596-42EB-AA6F-D34309E18382}.Debug|x86.ActiveCfg = Debug|Any CPU
		{C2E5F8C6-A596-42EB-AA6F-D34309E18382}.Debug|x86.Build.0 = Debug|Any CPU
		{C2E5F8C6-A596-42EB-AA6F-D34309E18382}.Release|Any CPU.ActiveCfg = Release|Any CPU
		{C2E5F8C6-A596-42EB-AA6F-D34309E18382}.Release|Any CPU.Build.0 = Release|Any CPU
		{C2E5F8C6-A596-42EB-AA6F-D34309E18382}.Release|x64.ActiveCfg = Release|x64
		{C2E5F8C6-A596-42EB-AA6F-D34309E18382}.Release|x64.Build.0 = Release|x64
		{C2E5F8C6-A596-42EB-AA6F-D34309E18382}.Release|x86.ActiveCfg = Release|x86
		{C2E5F8C6-A596-42EB-AA6F-D34309E18382}.Release|x86.Build.0 = Release|x86
	EndGlobalSection
	GlobalSection(SolutionProperties) = preSolution
		HideSolutionNode = FALSE
	EndGlobalSection
	GlobalSection(ExtensibilityGlobals) = postSolution
		SolutionGuid = {F5D2D564-9D38-4B6C-8615-866559CCB68C}
	EndGlobalSection
EndGlobal
