
Microsoft Visual Studio Solution File, Format Version 12.00
# Visual Studio Version 16
VisualStudioVersion = 16.0.29326.143
MinimumVisualStudioVersion = 10.0.40219.1
Project("{F184B08F-C81C-45F6-A57F-5ABD9991F28F}") = "CHC Sidechain Service Settings - Debug", "CHC Sidechain Service Settings - Debug.vbproj", "{D1C3BC02-6D9A-4611-A03B-97A5A23F753E}"
EndProject
Project("{F184B08F-C81C-45F6-A57F-5ABD9991F28F}") = "CHC Models", "..\..\Libraries\1. CHC Models\CHC Models.vbproj", "{5475FB38-E6B1-4049-8A92-B16607841E96}"
EndProject
Project("{F184B08F-C81C-45F6-A57F-5ABD9991F28F}") = "CHC Protocol - Debug", "..\..\Libraries\3. CHC Protocol\CHC Protocol - Debug.vbproj", "{CF7B6BC6-E6AE-408F-B452-CE73A17941C2}"
EndProject
Project("{F184B08F-C81C-45F6-A57F-5ABD9991F28F}") = "CHC Support UI Controls", "..\..\Libraries\4. CHC Support UI Controls\CHC Support UI Controls.vbproj", "{2B477A78-3139-4570-BB5E-3FC09475C316}"
EndProject
Global
	GlobalSection(SolutionConfigurationPlatforms) = preSolution
		Debug|Any CPU = Debug|Any CPU
		Debug|x64 = Debug|x64
		Debug|x86 = Debug|x86
		Release|Any CPU = Release|Any CPU
		Release|x64 = Release|x64
		Release|x86 = Release|x86
	EndGlobalSection
	GlobalSection(ProjectConfigurationPlatforms) = postSolution
		{D1C3BC02-6D9A-4611-A03B-97A5A23F753E}.Debug|Any CPU.ActiveCfg = Debug|Any CPU
		{D1C3BC02-6D9A-4611-A03B-97A5A23F753E}.Debug|Any CPU.Build.0 = Debug|Any CPU
		{D1C3BC02-6D9A-4611-A03B-97A5A23F753E}.Debug|x64.ActiveCfg = Debug|Any CPU
		{D1C3BC02-6D9A-4611-A03B-97A5A23F753E}.Debug|x64.Build.0 = Debug|Any CPU
		{D1C3BC02-6D9A-4611-A03B-97A5A23F753E}.Debug|x86.ActiveCfg = Debug|Any CPU
		{D1C3BC02-6D9A-4611-A03B-97A5A23F753E}.Debug|x86.Build.0 = Debug|Any CPU
		{D1C3BC02-6D9A-4611-A03B-97A5A23F753E}.Release|Any CPU.ActiveCfg = Release|Any CPU
		{D1C3BC02-6D9A-4611-A03B-97A5A23F753E}.Release|Any CPU.Build.0 = Release|Any CPU
		{D1C3BC02-6D9A-4611-A03B-97A5A23F753E}.Release|x64.ActiveCfg = Release|Any CPU
		{D1C3BC02-6D9A-4611-A03B-97A5A23F753E}.Release|x64.Build.0 = Release|Any CPU
		{D1C3BC02-6D9A-4611-A03B-97A5A23F753E}.Release|x86.ActiveCfg = Release|Any CPU
		{D1C3BC02-6D9A-4611-A03B-97A5A23F753E}.Release|x86.Build.0 = Release|Any CPU
		{5475FB38-E6B1-4049-8A92-B16607841E96}.Debug|Any CPU.ActiveCfg = Debug|Any CPU
		{5475FB38-E6B1-4049-8A92-B16607841E96}.Debug|Any CPU.Build.0 = Debug|Any CPU
		{5475FB38-E6B1-4049-8A92-B16607841E96}.Debug|x64.ActiveCfg = Debug|x64
		{5475FB38-E6B1-4049-8A92-B16607841E96}.Debug|x64.Build.0 = Debug|x64
		{5475FB38-E6B1-4049-8A92-B16607841E96}.Debug|x86.ActiveCfg = Debug|x86
		{5475FB38-E6B1-4049-8A92-B16607841E96}.Debug|x86.Build.0 = Debug|x86
		{5475FB38-E6B1-4049-8A92-B16607841E96}.Release|Any CPU.ActiveCfg = Release|Any CPU
		{5475FB38-E6B1-4049-8A92-B16607841E96}.Release|Any CPU.Build.0 = Release|Any CPU
		{5475FB38-E6B1-4049-8A92-B16607841E96}.Release|x64.ActiveCfg = Release|x64
		{5475FB38-E6B1-4049-8A92-B16607841E96}.Release|x64.Build.0 = Release|x64
		{5475FB38-E6B1-4049-8A92-B16607841E96}.Release|x86.ActiveCfg = Release|x86
		{5475FB38-E6B1-4049-8A92-B16607841E96}.Release|x86.Build.0 = Release|x86
		{CF7B6BC6-E6AE-408F-B452-CE73A17941C2}.Debug|Any CPU.ActiveCfg = Debug|Any CPU
		{CF7B6BC6-E6AE-408F-B452-CE73A17941C2}.Debug|Any CPU.Build.0 = Debug|Any CPU
		{CF7B6BC6-E6AE-408F-B452-CE73A17941C2}.Debug|x64.ActiveCfg = Debug|x64
		{CF7B6BC6-E6AE-408F-B452-CE73A17941C2}.Debug|x64.Build.0 = Debug|x64
		{CF7B6BC6-E6AE-408F-B452-CE73A17941C2}.Debug|x86.ActiveCfg = Debug|x86
		{CF7B6BC6-E6AE-408F-B452-CE73A17941C2}.Debug|x86.Build.0 = Debug|x86
		{CF7B6BC6-E6AE-408F-B452-CE73A17941C2}.Release|Any CPU.ActiveCfg = Release|Any CPU
		{CF7B6BC6-E6AE-408F-B452-CE73A17941C2}.Release|Any CPU.Build.0 = Release|Any CPU
		{CF7B6BC6-E6AE-408F-B452-CE73A17941C2}.Release|x64.ActiveCfg = Release|x64
		{CF7B6BC6-E6AE-408F-B452-CE73A17941C2}.Release|x64.Build.0 = Release|x64
		{CF7B6BC6-E6AE-408F-B452-CE73A17941C2}.Release|x86.ActiveCfg = Release|x86
		{CF7B6BC6-E6AE-408F-B452-CE73A17941C2}.Release|x86.Build.0 = Release|x86
		{2B477A78-3139-4570-BB5E-3FC09475C316}.Debug|Any CPU.ActiveCfg = Debug|Any CPU
		{2B477A78-3139-4570-BB5E-3FC09475C316}.Debug|Any CPU.Build.0 = Debug|Any CPU
		{2B477A78-3139-4570-BB5E-3FC09475C316}.Debug|x64.ActiveCfg = Debug|x64
		{2B477A78-3139-4570-BB5E-3FC09475C316}.Debug|x64.Build.0 = Debug|x64
		{2B477A78-3139-4570-BB5E-3FC09475C316}.Debug|x86.ActiveCfg = Debug|x86
		{2B477A78-3139-4570-BB5E-3FC09475C316}.Debug|x86.Build.0 = Debug|x86
		{2B477A78-3139-4570-BB5E-3FC09475C316}.Release|Any CPU.ActiveCfg = Release|Any CPU
		{2B477A78-3139-4570-BB5E-3FC09475C316}.Release|Any CPU.Build.0 = Release|Any CPU
		{2B477A78-3139-4570-BB5E-3FC09475C316}.Release|x64.ActiveCfg = Release|x64
		{2B477A78-3139-4570-BB5E-3FC09475C316}.Release|x64.Build.0 = Release|x64
		{2B477A78-3139-4570-BB5E-3FC09475C316}.Release|x86.ActiveCfg = Release|x86
		{2B477A78-3139-4570-BB5E-3FC09475C316}.Release|x86.Build.0 = Release|x86
	EndGlobalSection
	GlobalSection(SolutionProperties) = preSolution
		HideSolutionNode = FALSE
	EndGlobalSection
	GlobalSection(ExtensibilityGlobals) = postSolution
		SolutionGuid = {BFF45997-8883-4BDD-BE76-DF607A06CBC8}
	EndGlobalSection
EndGlobal
