
Microsoft Visual Studio Solution File, Format Version 12.00
# Visual Studio Version 16
VisualStudioVersion = 16.0.29326.143
MinimumVisualStudioVersion = 10.0.40219.1
Project("{F184B08F-C81C-45F6-A57F-5ABD9991F28F}") = "CHC Show Journal", "CHC Show Journal.vbproj", "{C09E803D-CDFD-4B0D-8D78-6E647D948A30}"
EndProject
Global
	GlobalSection(SolutionConfigurationPlatforms) = preSolution
		Debug|Any CPU = Debug|Any CPU
		Debug|x64 = Debug|x64
		Debug|x86 = Debug|x86
		Release|Any CPU = Release|Any CPU
		Release|x64 = Release|x64
		Release|x86 = Release|x86
	EndGlobalSection
	GlobalSection(ProjectConfigurationPlatforms) = postSolution
		{C09E803D-CDFD-4B0D-8D78-6E647D948A30}.Debug|Any CPU.ActiveCfg = Debug|Any CPU
		{C09E803D-CDFD-4B0D-8D78-6E647D948A30}.Debug|Any CPU.Build.0 = Debug|Any CPU
		{C09E803D-CDFD-4B0D-8D78-6E647D948A30}.Debug|x64.ActiveCfg = Debug|Any CPU
		{C09E803D-CDFD-4B0D-8D78-6E647D948A30}.Debug|x64.Build.0 = Debug|Any CPU
		{C09E803D-CDFD-4B0D-8D78-6E647D948A30}.Debug|x86.ActiveCfg = Debug|Any CPU
		{C09E803D-CDFD-4B0D-8D78-6E647D948A30}.Debug|x86.Build.0 = Debug|Any CPU
		{C09E803D-CDFD-4B0D-8D78-6E647D948A30}.Release|Any CPU.ActiveCfg = Release|Any CPU
		{C09E803D-CDFD-4B0D-8D78-6E647D948A30}.Release|Any CPU.Build.0 = Release|Any CPU
		{C09E803D-CDFD-4B0D-8D78-6E647D948A30}.Release|x64.ActiveCfg = Release|x64
		{C09E803D-CDFD-4B0D-8D78-6E647D948A30}.Release|x64.Build.0 = Release|x64
		{C09E803D-CDFD-4B0D-8D78-6E647D948A30}.Release|x86.ActiveCfg = Release|x86
		{C09E803D-CDFD-4B0D-8D78-6E647D948A30}.Release|x86.Build.0 = Release|x86
	EndGlobalSection
	GlobalSection(SolutionProperties) = preSolution
		HideSolutionNode = FALSE
	EndGlobalSection
	GlobalSection(ExtensibilityGlobals) = postSolution
		SolutionGuid = {04447383-528F-4BDB-A9A3-B9EA22656CD9}
	EndGlobalSection
EndGlobal
