
Microsoft Visual Studio Solution File, Format Version 12.00
# Visual Studio Version 16
VisualStudioVersion = 16.0.29326.143
MinimumVisualStudioVersion = 10.0.40219.1
Project("{F184B08F-C81C-45F6-A57F-5ABD9991F28F}") = "CHC Local Work Machine x86", "CHC Local Work Machine x86.vbproj", "{17963C49-E0FC-413D-A08B-8AA8AAF07886}"
EndProject
Project("{F184B08F-C81C-45F6-A57F-5ABD9991F28F}") = "CHC Sidechain Service x86", "..\..\Libraries\5. CHC Sidechain Service\CHC Sidechain Service x86.vbproj", "{F586744F-8890-4341-8AE8-2583D5A4D084}"
EndProject
Project("{F184B08F-C81C-45F6-A57F-5ABD9991F28F}") = "CHC Common x86", "..\..\Libraries\2. CHC Common\CHC Common x86.vbproj", "{47BBA986-9288-41C3-BB67-C5BF45573DEE}"
EndProject
Project("{F184B08F-C81C-45F6-A57F-5ABD9991F28F}") = "CHC Models", "..\..\Libraries\1. CHC Models\CHC Models.vbproj", "{5475FB38-E6B1-4049-8A92-B16607841E96}"
EndProject
Global
	GlobalSection(SolutionConfigurationPlatforms) = preSolution
		Debug|Any CPU = Debug|Any CPU
		Debug|x64 = Debug|x64
		Debug|x86 = Debug|x86
		Release x86|Any CPU = Release x86|Any CPU
		Release x86|x64 = Release x86|x64
		Release x86|x86 = Release x86|x86
		Release|Any CPU = Release|Any CPU
		Release|x64 = Release|x64
		Release|x86 = Release|x86
	EndGlobalSection
	GlobalSection(ProjectConfigurationPlatforms) = postSolution
		{17963C49-E0FC-413D-A08B-8AA8AAF07886}.Debug|Any CPU.ActiveCfg = Debug|Any CPU
		{17963C49-E0FC-413D-A08B-8AA8AAF07886}.Debug|Any CPU.Build.0 = Debug|Any CPU
		{17963C49-E0FC-413D-A08B-8AA8AAF07886}.Debug|x64.ActiveCfg = Debug|Any CPU
		{17963C49-E0FC-413D-A08B-8AA8AAF07886}.Debug|x64.Build.0 = Debug|Any CPU
		{17963C49-E0FC-413D-A08B-8AA8AAF07886}.Debug|x86.ActiveCfg = Debug|Any CPU
		{17963C49-E0FC-413D-A08B-8AA8AAF07886}.Debug|x86.Build.0 = Debug|Any CPU
		{17963C49-E0FC-413D-A08B-8AA8AAF07886}.Release x86|Any CPU.ActiveCfg = Release|Any CPU
		{17963C49-E0FC-413D-A08B-8AA8AAF07886}.Release x86|Any CPU.Build.0 = Release|Any CPU
		{17963C49-E0FC-413D-A08B-8AA8AAF07886}.Release x86|x64.ActiveCfg = Release|Any CPU
		{17963C49-E0FC-413D-A08B-8AA8AAF07886}.Release x86|x64.Build.0 = Release|Any CPU
		{17963C49-E0FC-413D-A08B-8AA8AAF07886}.Release x86|x86.ActiveCfg = Release|Any CPU
		{17963C49-E0FC-413D-A08B-8AA8AAF07886}.Release x86|x86.Build.0 = Release|Any CPU
		{17963C49-E0FC-413D-A08B-8AA8AAF07886}.Release|Any CPU.ActiveCfg = Release|Any CPU
		{17963C49-E0FC-413D-A08B-8AA8AAF07886}.Release|Any CPU.Build.0 = Release|Any CPU
		{17963C49-E0FC-413D-A08B-8AA8AAF07886}.Release|x64.ActiveCfg = Release|Any CPU
		{17963C49-E0FC-413D-A08B-8AA8AAF07886}.Release|x64.Build.0 = Release|Any CPU
		{17963C49-E0FC-413D-A08B-8AA8AAF07886}.Release|x86.ActiveCfg = Release|Any CPU
		{17963C49-E0FC-413D-A08B-8AA8AAF07886}.Release|x86.Build.0 = Release|Any CPU
		{F586744F-8890-4341-8AE8-2583D5A4D084}.Debug|Any CPU.ActiveCfg = Debug|Any CPU
		{F586744F-8890-4341-8AE8-2583D5A4D084}.Debug|Any CPU.Build.0 = Debug|Any CPU
		{F586744F-8890-4341-8AE8-2583D5A4D084}.Debug|x64.ActiveCfg = Debug|Any CPU
		{F586744F-8890-4341-8AE8-2583D5A4D084}.Debug|x64.Build.0 = Debug|Any CPU
		{F586744F-8890-4341-8AE8-2583D5A4D084}.Debug|x86.ActiveCfg = Debug|Any CPU
		{F586744F-8890-4341-8AE8-2583D5A4D084}.Debug|x86.Build.0 = Debug|Any CPU
		{F586744F-8890-4341-8AE8-2583D5A4D084}.Release x86|Any CPU.ActiveCfg = Release|Any CPU
		{F586744F-8890-4341-8AE8-2583D5A4D084}.Release x86|Any CPU.Build.0 = Release|Any CPU
		{F586744F-8890-4341-8AE8-2583D5A4D084}.Release x86|x64.ActiveCfg = Release|Any CPU
		{F586744F-8890-4341-8AE8-2583D5A4D084}.Release x86|x64.Build.0 = Release|Any CPU
		{F586744F-8890-4341-8AE8-2583D5A4D084}.Release x86|x86.ActiveCfg = Release|Any CPU
		{F586744F-8890-4341-8AE8-2583D5A4D084}.Release x86|x86.Build.0 = Release|Any CPU
		{F586744F-8890-4341-8AE8-2583D5A4D084}.Release|Any CPU.ActiveCfg = Release|Any CPU
		{F586744F-8890-4341-8AE8-2583D5A4D084}.Release|Any CPU.Build.0 = Release|Any CPU
		{F586744F-8890-4341-8AE8-2583D5A4D084}.Release|x64.ActiveCfg = Release|Any CPU
		{F586744F-8890-4341-8AE8-2583D5A4D084}.Release|x64.Build.0 = Release|Any CPU
		{F586744F-8890-4341-8AE8-2583D5A4D084}.Release|x86.ActiveCfg = Release|Any CPU
		{F586744F-8890-4341-8AE8-2583D5A4D084}.Release|x86.Build.0 = Release|Any CPU
		{47BBA986-9288-41C3-BB67-C5BF45573DEE}.Debug|Any CPU.ActiveCfg = Debug|Any CPU
		{47BBA986-9288-41C3-BB67-C5BF45573DEE}.Debug|Any CPU.Build.0 = Debug|Any CPU
		{47BBA986-9288-41C3-BB67-C5BF45573DEE}.Debug|x64.ActiveCfg = Debug|Any CPU
		{47BBA986-9288-41C3-BB67-C5BF45573DEE}.Debug|x64.Build.0 = Debug|Any CPU
		{47BBA986-9288-41C3-BB67-C5BF45573DEE}.Debug|x86.ActiveCfg = Debug|Any CPU
		{47BBA986-9288-41C3-BB67-C5BF45573DEE}.Debug|x86.Build.0 = Debug|Any CPU
		{47BBA986-9288-41C3-BB67-C5BF45573DEE}.Release x86|Any CPU.ActiveCfg = Release|Any CPU
		{47BBA986-9288-41C3-BB67-C5BF45573DEE}.Release x86|Any CPU.Build.0 = Release|Any CPU
		{47BBA986-9288-41C3-BB67-C5BF45573DEE}.Release x86|x64.ActiveCfg = Release|Any CPU
		{47BBA986-9288-41C3-BB67-C5BF45573DEE}.Release x86|x64.Build.0 = Release|Any CPU
		{47BBA986-9288-41C3-BB67-C5BF45573DEE}.Release x86|x86.ActiveCfg = Release|Any CPU
		{47BBA986-9288-41C3-BB67-C5BF45573DEE}.Release x86|x86.Build.0 = Release|Any CPU
		{47BBA986-9288-41C3-BB67-C5BF45573DEE}.Release|Any CPU.ActiveCfg = Release|Any CPU
		{47BBA986-9288-41C3-BB67-C5BF45573DEE}.Release|Any CPU.Build.0 = Release|Any CPU
		{47BBA986-9288-41C3-BB67-C5BF45573DEE}.Release|x64.ActiveCfg = Release|Any CPU
		{47BBA986-9288-41C3-BB67-C5BF45573DEE}.Release|x64.Build.0 = Release|Any CPU
		{47BBA986-9288-41C3-BB67-C5BF45573DEE}.Release|x86.ActiveCfg = Release|Any CPU
		{47BBA986-9288-41C3-BB67-C5BF45573DEE}.Release|x86.Build.0 = Release|Any CPU
		{5475FB38-E6B1-4049-8A92-B16607841E96}.Debug|Any CPU.ActiveCfg = Debug|Any CPU
		{5475FB38-E6B1-4049-8A92-B16607841E96}.Debug|Any CPU.Build.0 = Debug|Any CPU
		{5475FB38-E6B1-4049-8A92-B16607841E96}.Debug|x64.ActiveCfg = Debug|x64
		{5475FB38-E6B1-4049-8A92-B16607841E96}.Debug|x64.Build.0 = Debug|x64
		{5475FB38-E6B1-4049-8A92-B16607841E96}.Debug|x86.ActiveCfg = Debug|x86
		{5475FB38-E6B1-4049-8A92-B16607841E96}.Debug|x86.Build.0 = Debug|x86
		{5475FB38-E6B1-4049-8A92-B16607841E96}.Release x86|Any CPU.ActiveCfg = Release x86|Any CPU
		{5475FB38-E6B1-4049-8A92-B16607841E96}.Release x86|Any CPU.Build.0 = Release x86|Any CPU
		{5475FB38-E6B1-4049-8A92-B16607841E96}.Release x86|x64.ActiveCfg = Release x86|x64
		{5475FB38-E6B1-4049-8A92-B16607841E96}.Release x86|x64.Build.0 = Release x86|x64
		{5475FB38-E6B1-4049-8A92-B16607841E96}.Release x86|x86.ActiveCfg = Release x86|x86
		{5475FB38-E6B1-4049-8A92-B16607841E96}.Release x86|x86.Build.0 = Release x86|x86
		{5475FB38-E6B1-4049-8A92-B16607841E96}.Release|Any CPU.ActiveCfg = Release|Any CPU
		{5475FB38-E6B1-4049-8A92-B16607841E96}.Release|Any CPU.Build.0 = Release|Any CPU
		{5475FB38-E6B1-4049-8A92-B16607841E96}.Release|x64.ActiveCfg = Release|x64
		{5475FB38-E6B1-4049-8A92-B16607841E96}.Release|x64.Build.0 = Release|x64
		{5475FB38-E6B1-4049-8A92-B16607841E96}.Release|x86.ActiveCfg = Release|x86
		{5475FB38-E6B1-4049-8A92-B16607841E96}.Release|x86.Build.0 = Release|x86
	EndGlobalSection
	GlobalSection(SolutionProperties) = preSolution
		HideSolutionNode = FALSE
	EndGlobalSection
	GlobalSection(ExtensibilityGlobals) = postSolution
		SolutionGuid = {49B39BA8-6DC0-4212-9611-3F8FC4916F6D}
	EndGlobalSection
EndGlobal
