
Microsoft Visual Studio Solution File, Format Version 12.00
# Visual Studio Version 16
VisualStudioVersion = 16.0.29326.143
MinimumVisualStudioVersion = 10.0.40219.1
Project("{F184B08F-C81C-45F6-A57F-5ABD9991F28F}") = "CHCWalletNetwork", "CHCWalletNetwork.vbproj", "{A3F66559-C0C3-4795-9C34-9CBD32397296}"
EndProject
Global
	GlobalSection(SolutionConfigurationPlatforms) = preSolution
		Debug|Any CPU = Debug|Any CPU
		Release|Any CPU = Release|Any CPU
	EndGlobalSection
	GlobalSection(ProjectConfigurationPlatforms) = postSolution
		{A3F66559-C0C3-4795-9C34-9CBD32397296}.Debug|Any CPU.ActiveCfg = Debug|Any CPU
		{A3F66559-C0C3-4795-9C34-9CBD32397296}.Debug|Any CPU.Build.0 = Debug|Any CPU
		{A3F66559-C0C3-4795-9C34-9CBD32397296}.Release|Any CPU.ActiveCfg = Release|Any CPU
		{A3F66559-C0C3-4795-9C34-9CBD32397296}.Release|Any CPU.Build.0 = Release|Any CPU
	EndGlobalSection
	GlobalSection(SolutionProperties) = preSolution
		HideSolutionNode = FALSE
	EndGlobalSection
	GlobalSection(ExtensibilityGlobals) = postSolution
		SolutionGuid = {4F109136-B596-4E38-B76A-7C292F10D7A6}
	EndGlobalSection
EndGlobal
